PODS:
  - Alamofire (5.0.5)
  - SwiftyJSON (5.0.0)

DEPENDENCIES:
  - Alamofire (~> 5.0)
  - SwiftyJSON

SPEC REPOS:
  trunk:
    - Alamofire
    - SwiftyJSON

SPEC CHECKSUMS:
  Alamofire: df2f8f826963b08b9a870791ad48e07a10090b2e
  SwiftyJSON: 36413e04c44ee145039d332b4f4e2d3e8d6c4db7

PODFILE CHECKSUM: 465d3d422206a5b104fb44c74d9de561282c2cab

COCOAPODS: 1.9.1
